Microsoft Visual Studio Solution File, Format Version 12.00
# Visual Studio Version 17
VisualStudioVersion = 17.5.2.0
MinimumVisualStudioVersion = 10.0.40219.1
Project("{FAE04EC0-301F-11D3-BF4B-00C04F79EFBC}") = "SimpleMDBSSR", "SimpleMDBSSR.csproj", "{B300110F-C4F4-488E-5955-B59972E31203}"
EndProject
Global
	GlobalSection(SolutionConfigurationPlatforms) = preSolution
		Debug|Any CPU = Debug|Any CPU
		Release|Any CPU = Release|Any CPU
	EndGlobalSection
	GlobalSection(ProjectConfigurationPlatforms) = postSolution
		{B300110F-C4F4-488E-5955-B59972E31203}.Debug|Any CPU.ActiveCfg = Debug|Any CPU
		{B300110F-C4F4-488E-5955-B59972E31203}.Debug|Any CPU.Build.0 = Debug|Any CPU
		{B300110F-C4F4-488E-5955-B59972E31203}.Release|Any CPU.ActiveCfg = Release|Any CPU
		{B300110F-C4F4-488E-5955-B59972E31203}.Release|Any CPU.Build.0 = Release|Any CPU
	EndGlobalSection
	GlobalSection(SolutionProperties) = preSolution
		HideSolutionNode = FALSE
	EndGlobalSection
	GlobalSection(ExtensibilityGlobals) = postSolution
		SolutionGuid = {7DBDE3E3-0851-487C-B150-9DBCFEF3617F}
	EndGlobalSection
EndGlobal
